
Microsoft Visual Studio Solution File, Format Version 12.00
# Visual Studio 15
VisualStudioVersion = 15.0.28307.757
MinimumVisualStudioVersion = 10.0.40219.1
Project("{FAE04EC0-301F-11D3-BF4B-00C04F79EFBC}") = "ProgramaLOL", "ProgramaLOL\ProgramaLOL.csproj", "{72ACFD66-A0A5-408C-830C-4035BA09ECDB}"
EndProject
Global
	GlobalSection(SolutionConfigurationPlatforms) = preSolution
		Debug|Any CPU = Debug|Any CPU
		Release|Any CPU = Release|Any CPU
	EndGlobalSection
	GlobalSection(ProjectConfigurationPlatforms) = postSolution
		{72ACFD66-A0A5-408C-830C-4035BA09ECDB}.Debug|Any CPU.ActiveCfg = Debug|Any CPU
		{72ACFD66-A0A5-408C-830C-4035BA09ECDB}.Debug|Any CPU.Build.0 = Debug|Any CPU
		{72ACFD66-A0A5-408C-830C-4035BA09ECDB}.Release|Any CPU.ActiveCfg = Release|Any CPU
		{72ACFD66-A0A5-408C-830C-4035BA09ECDB}.Release|Any CPU.Build.0 = Release|Any CPU
	EndGlobalSection
	GlobalSection(SolutionProperties) = preSolution
		HideSolutionNode = FALSE
	EndGlobalSection
	GlobalSection(ExtensibilityGlobals) = postSolution
		SolutionGuid = {47937FC0-0C70-4337-9561-AA14DAEF5BE8}
	EndGlobalSection
EndGlobal
